{
  "version": 4,
  "terraform_version": "0.13.4",
  "serial": 15,
  "lineage": "656d2e6e-a9e5-c62b-aa10-16a6b7031fcf",
  "outputs": {},
  "resources": [
    {
      "mode": "managed",
      "type": "azurerm_lb",
      "name": "WiproLB",
      "provider": "provider[\"registry.terraform.io/hashicorp/azurerm\"]",
      "instances": [
        {
          "schema_version": 0,
          "attributes": {
            "frontend_ip_configuration": [
              {
                "availability_zone": "Zone-Redundant",
                "gateway_load_balancer_frontend_ip_configuration_id": "",
                "id": "/subscriptions/f6c0f923-320a-4e43-8023-debf15a7fe6a/resourceGroups/Wipro/providers/Microsoft.Network/loadBalancers/WiproLB1/frontendIPConfigurations/WiproLB1_frontend",
                "inbound_nat_rules": [],
                "load_balancer_rules": [],
                "name": "WiproLB1_frontend",
                "outbound_rules": [],
                "private_ip_address": "10.0.0.6",
                "private_ip_address_allocation": "Static",
                "private_ip_address_version": "IPv4",
                "public_ip_address_id": "",
                "public_ip_prefix_id": "",
                "subnet_id": "/subscriptions/f6c0f923-320a-4e43-8023-debf15a7fe6a/resourceGroups/Wipro/providers/Microsoft.Network/virtualNetworks/Vnet1-Wipro-eastus/subnets/Subnet1-Vnet1-Wipro-eastus",
                "zones": []
              }
            ],
            "id": "/subscriptions/f6c0f923-320a-4e43-8023-debf15a7fe6a/resourceGroups/Wipro/providers/Microsoft.Network/loadBalancers/WiproLB1",
            "location": "eastus",
            "name": "WiproLB1",
            "private_ip_address": "10.0.0.6",
            "private_ip_addresses": [
              "10.0.0.6"
            ],
            "resource_group_name": "Wipro",
            "sku": "Standard",
            "sku_tier": "Regional",
            "tags": {},
            "timeouts": null
          },
          "private": "eyJlMmJmYjczMC1lY2FhLTExZTYtOGY4OC0zNDM2M2JjN2M0YzAiOnsiY3JlYXRlIjoxODAwMDAwMDAwMDAwLCJkZWxldGUiOjE4MDAwMDAwMDAwMDAsInJlYWQiOjMwMDAwMDAwMDAwMCwidXBkYXRlIjoxODAwMDAwMDAwMDAwfX0=",
          "dependencies": [
            "azurerm_resource_group.Wipro_RG1",
            "azurerm_subnet.Subnet1-eastus",
            "azurerm_virtual_network.Vnet1-eastus"
          ]
        }
      ]
    },
    {
      "mode": "managed",
      "type": "azurerm_lb_backend_address_pool",
      "name": "WiproLB",
      "provider": "provider[\"registry.terraform.io/hashicorp/azurerm\"]",
      "instances": [
        {
          "schema_version": 0,
          "attributes": {
            "backend_address": [],
            "backend_ip_configurations": [],
            "id": "/subscriptions/f6c0f923-320a-4e43-8023-debf15a7fe6a/resourceGroups/Wipro/providers/Microsoft.Network/loadBalancers/WiproLB1/backendAddressPools/BackEndAddressPool",
            "load_balancing_rules": [],
            "loadbalancer_id": "/subscriptions/f6c0f923-320a-4e43-8023-debf15a7fe6a/resourceGroups/Wipro/providers/Microsoft.Network/loadBalancers/WiproLB1",
            "name": "BackEndAddressPool",
            "outbound_rules": [],
            "resource_group_name": "Wipro",
            "timeouts": null,
            "tunnel_interface": []
          },
          "private": "eyJlMmJmYjczMC1lY2FhLTExZTYtOGY4OC0zNDM2M2JjN2M0YzAiOnsiY3JlYXRlIjoxODAwMDAwMDAwMDAwLCJkZWxldGUiOjE4MDAwMDAwMDAwMDAsInJlYWQiOjMwMDAwMDAwMDAwMCwidXBkYXRlIjoxODAwMDAwMDAwMDAwfX0=",
          "dependencies": [
            "azurerm_lb.WiproLB",
            "azurerm_resource_group.Wipro_RG1",
            "azurerm_subnet.Subnet1-eastus",
            "azurerm_virtual_network.Vnet1-eastus"
          ]
        }
      ]
    },
    {
      "mode": "managed",
      "type": "azurerm_lb_backend_address_pool_address",
      "name": "WiproLB",
      "provider": "provider[\"registry.terraform.io/hashicorp/azurerm\"]",
      "instances": [
        {
          "schema_version": 0,
          "attributes": {
            "backend_address_pool_id": "/subscriptions/f6c0f923-320a-4e43-8023-debf15a7fe6a/resourceGroups/Wipro/providers/Microsoft.Network/loadBalancers/WiproLB1/backendAddressPools/BackEndAddressPool",
            "id": "/subscriptions/f6c0f923-320a-4e43-8023-debf15a7fe6a/resourceGroups/Wipro/providers/Microsoft.Network/loadBalancers/WiproLB1/backendAddressPools/BackEndAddressPool/addresses/Backend",
            "ip_address": "10.0.0.7",
            "name": "Backend",
            "timeouts": null,
            "virtual_network_id": "/subscriptions/f6c0f923-320a-4e43-8023-debf15a7fe6a/resourceGroups/Wipro/providers/Microsoft.Network/virtualNetworks/Vnet1-Wipro-eastus"
          },
          "private": "eyJlMmJmYjczMC1lY2FhLTExZTYtOGY4OC0zNDM2M2JjN2M0YzAiOnsiY3JlYXRlIjoxODAwMDAwMDAwMDAwLCJkZWxldGUiOjE4MDAwMDAwMDAwMDAsInJlYWQiOjMwMDAwMDAwMDAwMCwidXBkYXRlIjoxODAwMDAwMDAwMDAwfX0=",
          "dependencies": [
            "azurerm_lb.WiproLB",
            "azurerm_lb_backend_address_pool.WiproLB",
            "azurerm_resource_group.Wipro_RG1",
            "azurerm_subnet.Subnet1-eastus",
            "azurerm_virtual_network.Vnet1-eastus"
          ]
        }
      ]
    },
    {
      "mode": "managed",
      "type": "azurerm_lb_probe",
      "name": "WiproLB",
      "provider": "provider[\"registry.terraform.io/hashicorp/azurerm\"]",
      "instances": [
        {
          "schema_version": 0,
          "attributes": {
            "id": "/subscriptions/f6c0f923-320a-4e43-8023-debf15a7fe6a/resourceGroups/Wipro/providers/Microsoft.Network/loadBalancers/WiproLB1/probes/RDPprobe",
            "interval_in_seconds": 15,
            "load_balancer_rules": [],
            "loadbalancer_id": "/subscriptions/f6c0f923-320a-4e43-8023-debf15a7fe6a/resourceGroups/Wipro/providers/Microsoft.Network/loadBalancers/WiproLB1",
            "name": "RDPprobe",
            "number_of_probes": 2,
            "port": 3389,
            "protocol": "Tcp",
            "request_path": "",
            "resource_group_name": "Wipro",
            "timeouts": null
          },
          "private": "eyJlMmJmYjczMC1lY2FhLTExZTYtOGY4OC0zNDM2M2JjN2M0YzAiOnsiY3JlYXRlIjoxODAwMDAwMDAwMDAwLCJkZWxldGUiOjE4MDAwMDAwMDAwMDAsInJlYWQiOjMwMDAwMDAwMDAwMCwidXBkYXRlIjoxODAwMDAwMDAwMDAwfX0=",
          "dependencies": [
            "azurerm_lb.WiproLB",
            "azurerm_resource_group.Wipro_RG1",
            "azurerm_subnet.Subnet1-eastus",
            "azurerm_virtual_network.Vnet1-eastus"
          ]
        }
      ]
    },
    {
      "mode": "managed",
      "type": "azurerm_managed_disk",
      "name": "VM_Datadisk",
      "provider": "provider[\"registry.terraform.io/hashicorp/azurerm\"]",
      "instances": [
        {
          "schema_version": 0,
          "attributes": {
            "create_option": "Empty",
            "disk_access_id": "",
            "disk_encryption_set_id": "",
            "disk_iops_read_only": 0,
            "disk_iops_read_write": 500,
            "disk_mbps_read_only": 0,
            "disk_mbps_read_write": 60,
            "disk_size_gb": 128,
            "encryption_settings": [],
            "gallery_image_reference_id": "",
            "hyper_v_generation": "",
            "id": "/subscriptions/f6c0f923-320a-4e43-8023-debf15a7fe6a/resourceGroups/Wipro/providers/Microsoft.Compute/disks/DataDisk-VM1Wiproeastus",
            "image_reference_id": "",
            "location": "eastus",
            "logical_sector_size": null,
            "max_shares": 0,
            "name": "DataDisk-VM1Wiproeastus",
            "network_access_policy": null,
            "on_demand_bursting_enabled": false,
            "os_type": "",
            "public_network_access_enabled": true,
            "resource_group_name": "Wipro",
            "source_resource_id": "",
            "source_uri": "",
            "storage_account_id": "",
            "storage_account_type": "StandardSSD_LRS",
            "tags": {},
            "tier": "",
            "timeouts": null,
            "trusted_launch_enabled": false,
            "zones": []
          },
          "private": "eyJlMmJmYjczMC1lY2FhLTExZTYtOGY4OC0zNDM2M2JjN2M0YzAiOnsiY3JlYXRlIjoxODAwMDAwMDAwMDAwLCJkZWxldGUiOjE4MDAwMDAwMDAwMDAsInJlYWQiOjMwMDAwMDAwMDAwMCwidXBkYXRlIjoxODAwMDAwMDAwMDAwfX0=",
          "dependencies": [
            "azurerm_resource_group.Wipro_RG1"
          ]
        }
      ]
    },
    {
      "mode": "managed",
      "type": "azurerm_network_interface",
      "name": "NIC1-VM1-eastus",
      "provider": "provider[\"registry.terraform.io/hashicorp/azurerm\"]",
      "instances": [
        {
          "schema_version": 0,
          "attributes": {
            "applied_dns_servers": [],
            "dns_servers": [],
            "enable_accelerated_networking": false,
            "enable_ip_forwarding": false,
            "id": "/subscriptions/f6c0f923-320a-4e43-8023-debf15a7fe6a/resourceGroups/Wipro/providers/Microsoft.Network/networkInterfaces/NIC1-VM1Wiproeastus",
            "internal_dns_name_label": "",
            "internal_domain_name_suffix": "t2patwhnbz1u3bhcxmt1ohwofe.bx.internal.cloudapp.net",
            "ip_configuration": [
              {
                "gateway_load_balancer_frontend_ip_configuration_id": "",
                "name": "internal",
                "primary": true,
                "private_ip_address": "10.0.0.7",
                "private_ip_address_allocation": "Static",
                "private_ip_address_version": "IPv4",
                "public_ip_address_id": "",
                "subnet_id": "/subscriptions/f6c0f923-320a-4e43-8023-debf15a7fe6a/resourceGroups/Wipro/providers/Microsoft.Network/virtualNetworks/Vnet1-Wipro-eastus/subnets/Subnet1-Vnet1-Wipro-eastus"
              }
            ],
            "location": "eastus",
            "mac_address": "",
            "name": "NIC1-VM1Wiproeastus",
            "private_ip_address": "10.0.0.7",
            "private_ip_addresses": [
              "10.0.0.7"
            ],
            "resource_group_name": "Wipro",
            "tags": {},
            "timeouts": null,
            "virtual_machine_id": ""
          },
          "private": "eyJlMmJmYjczMC1lY2FhLTExZTYtOGY4OC0zNDM2M2JjN2M0YzAiOnsiY3JlYXRlIjoxODAwMDAwMDAwMDAwLCJkZWxldGUiOjE4MDAwMDAwMDAwMDAsInJlYWQiOjMwMDAwMDAwMDAwMCwidXBkYXRlIjoxODAwMDAwMDAwMDAwfX0=",
          "dependencies": [
            "azurerm_resource_group.Wipro_RG1",
            "azurerm_subnet.Subnet1-eastus",
            "azurerm_virtual_network.Vnet1-eastus"
          ]
        }
      ]
    },
    {
      "mode": "managed",
      "type": "azurerm_resource_group",
      "name": "Wipro_RG1",
      "provider": "provider[\"registry.terraform.io/hashicorp/azurerm\"]",
      "instances": [
        {
          "schema_version": 0,
          "attributes": {
            "id": "/subscriptions/f6c0f923-320a-4e43-8023-debf15a7fe6a/resourceGroups/Wipro",
            "location": "eastus",
            "name": "Wipro",
            "tags": {},
            "timeouts": null
          },
          "private": "eyJlMmJmYjczMC1lY2FhLTExZTYtOGY4OC0zNDM2M2JjN2M0YzAiOnsiY3JlYXRlIjo1NDAwMDAwMDAwMDAwLCJkZWxldGUiOjU0MDAwMDAwMDAwMDAsInJlYWQiOjMwMDAwMDAwMDAwMCwidXBkYXRlIjo1NDAwMDAwMDAwMDAwfX0="
        }
      ]
    },
    {
      "mode": "managed",
      "type": "azurerm_subnet",
      "name": "Subnet1-eastus",
      "provider": "provider[\"registry.terraform.io/hashicorp/azurerm\"]",
      "instances": [
        {
          "schema_version": 0,
          "attributes": {
            "address_prefix": "10.0.0.0/24",
            "address_prefixes": [
              "10.0.0.0/24"
            ],
            "delegation": [],
            "enforce_private_link_endpoint_network_policies": false,
            "enforce_private_link_service_network_policies": false,
            "id": "/subscriptions/f6c0f923-320a-4e43-8023-debf15a7fe6a/resourceGroups/Wipro/providers/Microsoft.Network/virtualNetworks/Vnet1-Wipro-eastus/subnets/Subnet1-Vnet1-Wipro-eastus",
            "name": "Subnet1-Vnet1-Wipro-eastus",
            "resource_group_name": "Wipro",
            "service_endpoint_policy_ids": [],
            "service_endpoints": [],
            "timeouts": null,
            "virtual_network_name": "Vnet1-Wipro-eastus"
          },
          "private": "eyJlMmJmYjczMC1lY2FhLTExZTYtOGY4OC0zNDM2M2JjN2M0YzAiOnsiY3JlYXRlIjoxODAwMDAwMDAwMDAwLCJkZWxldGUiOjE4MDAwMDAwMDAwMDAsInJlYWQiOjMwMDAwMDAwMDAwMCwidXBkYXRlIjoxODAwMDAwMDAwMDAwfX0=",
          "dependencies": [
            "azurerm_resource_group.Wipro_RG1",
            "azurerm_virtual_network.Vnet1-eastus"
          ]
        }
      ]
    },
    {
      "mode": "managed",
      "type": "azurerm_subnet",
      "name": "Subnet2-eastus",
      "provider": "provider[\"registry.terraform.io/hashicorp/azurerm\"]",
      "instances": [
        {
          "schema_version": 0,
          "attributes": {
            "address_prefix": "10.0.1.0/24",
            "address_prefixes": [
              "10.0.1.0/24"
            ],
            "delegation": [],
            "enforce_private_link_endpoint_network_policies": false,
            "enforce_private_link_service_network_policies": false,
            "id": "/subscriptions/f6c0f923-320a-4e43-8023-debf15a7fe6a/resourceGroups/Wipro/providers/Microsoft.Network/virtualNetworks/Vnet1-Wipro-eastus/subnets/Subnet2-Vnet1-Wipro-eastus",
            "name": "Subnet2-Vnet1-Wipro-eastus",
            "resource_group_name": "Wipro",
            "service_endpoint_policy_ids": [],
            "service_endpoints": [],
            "timeouts": null,
            "virtual_network_name": "Vnet1-Wipro-eastus"
          },
          "private": "eyJlMmJmYjczMC1lY2FhLTExZTYtOGY4OC0zNDM2M2JjN2M0YzAiOnsiY3JlYXRlIjoxODAwMDAwMDAwMDAwLCJkZWxldGUiOjE4MDAwMDAwMDAwMDAsInJlYWQiOjMwMDAwMDAwMDAwMCwidXBkYXRlIjoxODAwMDAwMDAwMDAwfX0=",
          "dependencies": [
            "azurerm_resource_group.Wipro_RG1",
            "azurerm_virtual_network.Vnet1-eastus"
          ]
        }
      ]
    },
    {
      "mode": "managed",
      "type": "azurerm_virtual_machine_data_disk_attachment",
      "name": "VMDatadisk",
      "provider": "provider[\"registry.terraform.io/hashicorp/azurerm\"]",
      "instances": [
        {
          "schema_version": 0,
          "attributes": {
            "caching": "ReadWrite",
            "create_option": "Attach",
            "id": "/subscriptions/f6c0f923-320a-4e43-8023-debf15a7fe6a/resourceGroups/Wipro/providers/Microsoft.Compute/virtualMachines/VM1_Wiproeastus/dataDisks/DataDisk-VM1Wiproeastus",
            "lun": 10,
            "managed_disk_id": "/subscriptions/f6c0f923-320a-4e43-8023-debf15a7fe6a/resourceGroups/Wipro/providers/Microsoft.Compute/disks/DataDisk-VM1Wiproeastus",
            "timeouts": null,
            "virtual_machine_id": "/subscriptions/f6c0f923-320a-4e43-8023-debf15a7fe6a/resourceGroups/Wipro/providers/Microsoft.Compute/virtualMachines/VM1_Wiproeastus",
            "write_accelerator_enabled": false
          },
          "private": "eyJlMmJmYjczMC1lY2FhLTExZTYtOGY4OC0zNDM2M2JjN2M0YzAiOnsiY3JlYXRlIjoxODAwMDAwMDAwMDAwLCJkZWxldGUiOjE4MDAwMDAwMDAwMDAsInJlYWQiOjMwMDAwMDAwMDAwMCwidXBkYXRlIjoxODAwMDAwMDAwMDAwfX0=",
          "dependencies": [
            "azurerm_managed_disk.VM_Datadisk",
            "azurerm_network_interface.NIC1-VM1-eastus",
            "azurerm_resource_group.Wipro_RG1",
            "azurerm_windows_virtual_machine.VM1-WiproRG-eastus"
          ]
        }
      ]
    },
    {
      "mode": "managed",
      "type": "azurerm_virtual_network",
      "name": "Vnet1-eastus",
      "provider": "provider[\"registry.terraform.io/hashicorp/azurerm\"]",
      "instances": [
        {
          "schema_version": 0,
          "attributes": {
            "address_space": [
              "10.0.0.0/16"
            ],
            "bgp_community": "",
            "ddos_protection_plan": [],
            "dns_servers": [],
            "flow_timeout_in_minutes": 0,
            "guid": "d8091e9f-0eed-4e77-84e2-bb27b71ece2c",
            "id": "/subscriptions/f6c0f923-320a-4e43-8023-debf15a7fe6a/resourceGroups/Wipro/providers/Microsoft.Network/virtualNetworks/Vnet1-Wipro-eastus",
            "location": "eastus",
            "name": "Vnet1-Wipro-eastus",
            "resource_group_name": "Wipro",
            "subnet": [
              {
                "address_prefix": "10.0.0.0/24",
                "id": "/subscriptions/f6c0f923-320a-4e43-8023-debf15a7fe6a/resourceGroups/Wipro/providers/Microsoft.Network/virtualNetworks/Vnet1-Wipro-eastus/subnets/Subnet1-Vnet1-Wipro-eastus",
                "name": "Subnet1-Vnet1-Wipro-eastus",
                "security_group": ""
              },
              {
                "address_prefix": "10.0.1.0/24",
                "id": "/subscriptions/f6c0f923-320a-4e43-8023-debf15a7fe6a/resourceGroups/Wipro/providers/Microsoft.Network/virtualNetworks/Vnet1-Wipro-eastus/subnets/Subnet2-Vnet1-Wipro-eastus",
                "name": "Subnet2-Vnet1-Wipro-eastus",
                "security_group": ""
              }
            ],
            "tags": {
              "environment": "Testing"
            },
            "timeouts": null,
            "vm_protection_enabled": false
          },
          "private": "eyJlMmJmYjczMC1lY2FhLTExZTYtOGY4OC0zNDM2M2JjN2M0YzAiOnsiY3JlYXRlIjoxODAwMDAwMDAwMDAwLCJkZWxldGUiOjE4MDAwMDAwMDAwMDAsInJlYWQiOjMwMDAwMDAwMDAwMCwidXBkYXRlIjoxODAwMDAwMDAwMDAwfX0=",
          "dependencies": [
            "azurerm_resource_group.Wipro_RG1"
          ]
        }
      ]
    },
    {
      "mode": "managed",
      "type": "azurerm_windows_virtual_machine",
      "name": "VM1-WiproRG-eastus",
      "provider": "provider[\"registry.terraform.io/hashicorp/azurerm\"]",
      "instances": [
        {
          "schema_version": 0,
          "attributes": {
            "additional_capabilities": [],
            "additional_unattend_content": [],
            "admin_password": "zaq1xsw2cde3!@#$",
            "admin_username": "azure-admin",
            "allow_extension_operations": true,
            "availability_set_id": "",
            "boot_diagnostics": [],
            "computer_name": "Wiprotestvm",
            "custom_data": null,
            "dedicated_host_group_id": "",
            "dedicated_host_id": "",
            "enable_automatic_updates": true,
            "encryption_at_host_enabled": false,
            "eviction_policy": "",
            "extensions_time_budget": "PT1H30M",
            "hotpatching_enabled": false,
            "id": "/subscriptions/f6c0f923-320a-4e43-8023-debf15a7fe6a/resourceGroups/Wipro/providers/Microsoft.Compute/virtualMachines/VM1_Wiproeastus",
            "identity": [],
            "license_type": "",
            "location": "eastus",
            "max_bid_price": -1,
            "name": "VM1_Wiproeastus",
            "network_interface_ids": [
              "/subscriptions/f6c0f923-320a-4e43-8023-debf15a7fe6a/resourceGroups/Wipro/providers/Microsoft.Network/networkInterfaces/NIC1-VM1Wiproeastus"
            ],
            "os_disk": [
              {
                "caching": "ReadWrite",
                "diff_disk_settings": [],
                "disk_encryption_set_id": "",
                "disk_size_gb": 128,
                "name": "OSDisk-VM1Wiproeastus",
                "storage_account_type": "StandardSSD_LRS",
                "write_accelerator_enabled": false
              }
            ],
            "patch_mode": "AutomaticByOS",
            "plan": [],
            "platform_fault_domain": -1,
            "priority": "Regular",
            "private_ip_address": "10.0.0.7",
            "private_ip_addresses": [
              "10.0.0.7"
            ],
            "provision_vm_agent": true,
            "proximity_placement_group_id": "",
            "public_ip_address": "",
            "public_ip_addresses": [],
            "resource_group_name": "Wipro",
            "secret": [],
            "secure_boot_enabled": false,
            "size": "Standard_B1s",
            "source_image_id": "",
            "source_image_reference": [
              {
                "offer": "WindowsServer",
                "publisher": "MicrosoftWindowsServer",
                "sku": "2016-Datacenter",
                "version": "latest"
              }
            ],
            "tags": null,
            "timeouts": null,
            "timezone": "",
            "user_data": "",
            "virtual_machine_id": "e426bb57-c67b-4090-9c04-56effbb5b912",
            "virtual_machine_scale_set_id": "",
            "vtpm_enabled": false,
            "winrm_listener": [],
            "zone": ""
          },
          "private": "eyJlMmJmYjczMC1lY2FhLTExZTYtOGY4OC0zNDM2M2JjN2M0YzAiOnsiY3JlYXRlIjoyNzAwMDAwMDAwMDAwLCJkZWxldGUiOjI3MDAwMDAwMDAwMDAsInJlYWQiOjMwMDAwMDAwMDAwMCwidXBkYXRlIjoyNzAwMDAwMDAwMDAwfX0=",
          "dependencies": [
            "azurerm_network_interface.NIC1-VM1-eastus",
            "azurerm_resource_group.Wipro_RG1"
          ]
        }
      ]
    }
  ]
}
